
Microsoft Visual Studio Solution File, Format Version 12.00
# Visual Studio Version 16
VisualStudioVersion = 16.0.32802.440
MinimumVisualStudioVersion = 10.0.40219.1
Project("{FAE04EC0-301F-11D3-BF4B-00C04F79EFBC}") = "GitHub Test", "GitHub Test\GitHub Test.csproj", "{D5DB5389-C601-4FD6-916F-076790ECC538}"
EndProject
Global
	GlobalSection(SolutionConfigurationPlatforms) = preSolution
		Debug|Any CPU = Debug|Any CPU
		Release|Any CPU = Release|Any CPU
	EndGlobalSection
	GlobalSection(ProjectConfigurationPlatforms) = postSolution
		{D5DB5389-C601-4FD6-916F-076790ECC538}.Debug|Any CPU.ActiveCfg = Debug|Any CPU
		{D5DB5389-C601-4FD6-916F-076790ECC538}.Debug|Any CPU.Build.0 = Debug|Any CPU
		{D5DB5389-C601-4FD6-916F-076790ECC538}.Release|Any CPU.ActiveCfg = Release|Any CPU
		{D5DB5389-C601-4FD6-916F-076790ECC538}.Release|Any CPU.Build.0 = Release|Any CPU
	EndGlobalSection
	GlobalSection(SolutionProperties) = preSolution
		HideSolutionNode = FALSE
	EndGlobalSection
	GlobalSection(ExtensibilityGlobals) = postSolution
		SolutionGuid = {7D3345E4-964D-4FDD-822E-A1A172E3D766}
	EndGlobalSection
EndGlobal
